
Microsoft Visual Studio Solution File, Format Version 12.00
# Visual Studio Version 16
VisualStudioVersion = 16.0.29418.71
MinimumVisualStudioVersion = 10.0.40219.1
Project("{FAE04EC0-301F-11D3-BF4B-00C04F79EFBC}") = "ESharkNet", "ESharkNet.csproj", "{9EC00A40-8AC4-4BC4-8456-8736EDF7FD79}"
EndProject
Global
	GlobalSection(SolutionConfigurationPlatforms) = preSolution
		Debug|Any CPU = Debug|Any CPU
		Release|Any CPU = Release|Any CPU
	EndGlobalSection
	GlobalSection(ProjectConfigurationPlatforms) = postSolution
		{9EC00A40-8AC4-4BC4-8456-8736EDF7FD79}.Debug|Any CPU.ActiveCfg = Debug|Any CPU
		{9EC00A40-8AC4-4BC4-8456-8736EDF7FD79}.Debug|Any CPU.Build.0 = Debug|Any CPU
		{9EC00A40-8AC4-4BC4-8456-8736EDF7FD79}.Release|Any CPU.ActiveCfg = Release|Any CPU
		{9EC00A40-8AC4-4BC4-8456-8736EDF7FD79}.Release|Any CPU.Build.0 = Release|Any CPU
	EndGlobalSection
	GlobalSection(SolutionProperties) = preSolution
		HideSolutionNode = FALSE
	EndGlobalSection
	GlobalSection(ExtensibilityGlobals) = postSolution
		SolutionGuid = {6C4F7C83-1875-47A7-B724-0EA9CF7CE87B}
	EndGlobalSection
EndGlobal
